
Microsoft Visual Studio Solution File, Format Version 12.00
# Visual Studio Version 16
VisualStudioVersion = 16.0.29025.244
MinimumVisualStudioVersion = 10.0.40219.1
Project("{FAE04EC0-301F-11D3-BF4B-00C04F79EFBC}") = "CheeseMVC", "CheeseMVC\CheeseMVC.csproj", "{8309A6E4-82A1-4A9D-8B2F-B498FFF49F47}"
EndProject
Global
	GlobalSection(SolutionConfigurationPlatforms) = preSolution
		Debug|Any CPU = Debug|Any CPU
		Release|Any CPU = Release|Any CPU
	EndGlobalSection
	GlobalSection(ProjectConfigurationPlatforms) = postSolution
		{8309A6E4-82A1-4A9D-8B2F-B498FFF49F47}.Debug|Any CPU.ActiveCfg = Debug|Any CPU
		{8309A6E4-82A1-4A9D-8B2F-B498FFF49F47}.Debug|Any CPU.Build.0 = Debug|Any CPU
		{8309A6E4-82A1-4A9D-8B2F-B498FFF49F47}.Release|Any CPU.ActiveCfg = Release|Any CPU
		{8309A6E4-82A1-4A9D-8B2F-B498FFF49F47}.Release|Any CPU.Build.0 = Release|Any CPU
	EndGlobalSection
	GlobalSection(SolutionProperties) = preSolution
		HideSolutionNode = FALSE
	EndGlobalSection
	GlobalSection(ExtensibilityGlobals) = postSolution
		SolutionGuid = {552F7465-4964-4C48-9F0F-691A350AD3E9}
	EndGlobalSection
EndGlobal
